// !$*UTF8*$!
{
	archiveVersion = 1;
	classes = {
	};
	objectVersion = 46;
	objects = {

/* Begin PBXBuildFile section */
		F824B39B1C69FA2600B84A51 /* AppDelegate.swift in Sources */ = {isa = PBXBuildFile; fileRef = F824B39A1C69FA2600B84A51 /* AppDelegate.swift */; };
		F824B39D1C69FA2600B84A51 /* ViewController.swift in Sources */ = {isa = PBXBuildFile; fileRef = F824B39C1C69FA2600B84A51 /* ViewController.swift */; };
		F824B3A01C69FA2600B84A51 /* Main.storyboard in Resources */ = {isa = PBXBuildFile; fileRef = F824B39E1C69FA2600B84A51 /* Main.storyboard */; };
		F824B3A21C69FA2600B84A51 /* Assets.xcassets in Resources */ = {isa = PBXBuildFile; fileRef = F824B3A11C69FA2600B84A51 /* Assets.xcassets */; };
		F824B3A51C69FA2600B84A51 /* LaunchScreen.storyboard in Resources */ = {isa = PBXBuildFile; fileRef = F824B3A31C69FA2600B84A51 /* LaunchScreen.storyboard */; };
		F824B3B01C69FA2600B84A51 /* TrackerTests.swift in Sources */ = {isa = PBXBuildFile; fileRef = F824B3AF1C69FA2600B84A51 /* TrackerTests.swift */; };
		F824B3BB1C69FA2600B84A51 /* TrackerUITests.swift in Sources */ = {isa = PBXBuildFile; fileRef = F824B3BA1C69FA2600B84A51 /* TrackerUITests.swift */; };
/* End PBXBuildFile section */

/* Begin PBXContainerItemProxy section */
		F824B3AC1C69FA2600B84A51 /* PBXContainerItemProxy */ = {
			isa = PBXContainerItemProxy;
			containerPortal = F824B38F1C69FA2600B84A51 /* Project object */;
			proxyType = 1;
			remoteGlobalIDString = F824B3961C69FA2600B84A51;
			remoteInfo = Tracker;
		};
		F824B3B71C69FA2600B84A51 /* PBXContainerItemProxy */ = {
			isa = PBXContainerItemProxy;
			containerPortal = F824B38F1C69FA2600B84A51 /* Project object */;
			proxyType = 1;
			remoteGlobalIDString = F824B3961C69FA2600B84A51;
			remoteInfo = Tracker;
		};
/* End PBXContainerItemProxy section */

/* Begin PBXFileReference section */
		F824B3971C69FA2600B84A51 /* Tracker.app */ = {isa = PBXFileReference; explicitFileType = wrapper.application; includeInIndex = 0; path = Tracker.app; sourceTree = BUILT_PRODUCTS_DIR; };
		F824B39A1C69FA2600B84A51 /* AppDelegate.swift */ = {isa = PBXFileReference; lastKnownFileType = sourcecode.swift; path = AppDelegate.swift; sourceTree = "<group>"; };
		F824B39C1C69FA2600B84A51 /* ViewController.swift */ = {isa = PBXFileReference; lastKnownFileType = sourcecode.swift; path = ViewController.swift; sourceTree = "<group>"; };
		F824B39F1C69FA2600B84A51 /* Base */ = {isa = PBXFileReference; lastKnownFileType = file.storyboard; name = Base; path = Base.lproj/Main.storyboard; sourceTree = "<group>"; };
		F824B3A11C69FA2600B84A51 /* Assets.xcassets */ = {isa = PBXFileReference; lastKnownFileType = folder.assetcatalog; path = Assets.xcassets; sourceTree = "<group>"; };
		F824B3A41C69FA2600B84A51 /* Base */ = {isa = PBXFileReference; lastKnownFileType = file.storyboard; name = Base; path = Base.lproj/LaunchScreen.storyboard; sourceTree = "<group>"; };
		F824B3A61C69FA2600B84A51 /* Info.plist */ = {isa = PBXFileReference; lastKnownFileType = text.plist.xml; path = Info.plist; sourceTree = "<group>"; };
		F824B3AB1C69FA2600B84A51 /* TrackerTests.xctest */ = {isa = PBXFileReference; explicitFileType = wrapper.cfbundle; includeInIndex = 0; path = TrackerTests.xctest; sourceTree = BUILT_PRODUCTS_DIR; };
		F824B3AF1C69FA2600B84A51 /* TrackerTests.swift */ = {isa = PBXFileReference; lastKnownFileType = sourcecode.swift; path = TrackerTests.swift; sourceTree = "<group>"; };
		F824B3B11C69FA2600B84A51 /* Info.plist */ = {isa = PBXFileReference; lastKnownFileType = text.plist.xml; path = Info.plist; sourceTree = "<group>"; };
		F824B3B61C69FA2600B84A51 /* TrackerUITests.xctest */ = {isa = PBXFileReference; explicitFileType = wrapper.cfbundle; includeInIndex = 0; path = TrackerUITests.xctest; sourceTree = BUILT_PRODUCTS_DIR; };
		F824B3BA1C69FA2600B84A51 /* TrackerUITests.swift */ = {isa = PBXFileReference; lastKnownFileType = sourcecode.swift; path = TrackerUITests.swift; sourceTree = "<group>"; };
		F824B3BC1C69FA2600B84A51 /* Info.plist */ = {isa = PBXFileReference; lastKnownFileType = text.plist.xml; path = Info.plist; sourceTree = "<group>"; };
/* End PBXFileReference section */

/* Begin PBXFrameworksBuildPhase section */
		F824B3941C69FA2600B84A51 /* Frameworks */ = {
			isa = PBXFrameworksBuildPhase;
			buildActionMask = 2147483647;
			files = (
			);
			runOnlyForDeploymentPostprocessing = 0;
		};
		F824B3A81C69FA2600B84A51 /* Frameworks */ = {
			isa = PBXFrameworksBuildPhase;
			buildActionMask = 2147483647;
			files = (
			);
			runOnlyForDeploymentPostprocessing = 0;
		};
		F824B3B31C69FA2600B84A51 /* Frameworks */ = {
			isa = PBXFrameworksBuildPhase;
			buildActionMask = 2147483647;
			files = (
			);
			runOnlyForDeploymentPostprocessing = 0;
		};
/* End PBXFrameworksBuildPhase section */

/* Begin PBXGroup section */
		F824B38E1C69FA2600B84A51 = {
			isa = PBXGroup;
			children = (
				F824B3991C69FA2600B84A51 /* Tracker */,
				F824B3AE1C69FA2600B84A51 /* TrackerTests */,
				F824B3B91C69FA2600B84A51 /* TrackerUITests */,
				F824B3981C69FA2600B84A51 /* Products */,
			);
			sourceTree = "<group>";
		};
		F824B3981C69FA2600B84A51 /* Products */ = {
			isa = PBXGroup;
			children = (
				F824B3971C69FA2600B84A51 /* Tracker.app */,
				F824B3AB1C69FA2600B84A51 /* TrackerTests.xctest */,
				F824B3B61C69FA2600B84A51 /* TrackerUITests.xctest */,
			);
			name = Products;
			sourceTree = "<group>";
		};
		F824B3991C69FA2600B84A51 /* Tracker */ = {
			isa = PBXGroup;
			children = (
				F824B39A1C69FA2600B84A51 /* AppDelegate.swift */,
				F824B39C1C69FA2600B84A51 /* ViewController.swift */,
				F824B39E1C69FA2600B84A51 /* Main.storyboard */,
				F824B3A11C69FA2600B84A51 /* Assets.xcassets */,
				F824B3A31C69FA2600B84A51 /* LaunchScreen.storyboard */,
				F824B3A61C69FA2600B84A51 /* Info.plist */,
			);
			path = Tracker;
			sourceTree = "<group>";
		};
		F824B3AE1C69FA2600B84A51 /* TrackerTests */ = {
			isa = PBXGroup;
			children = (
				F824B3AF1C69FA2600B84A51 /* TrackerTests.swift */,
				F824B3B11C69FA2600B84A51 /* Info.plist */,
			);
			path = TrackerTests;
			sourceTree = "<group>";
		};
		F824B3B91C69FA2600B84A51 /* TrackerUITests */ = {
			isa = PBXGroup;
			children = (
				F824B3BA1C69FA2600B84A51 /* TrackerUITests.swift */,
				F824B3BC1C69FA2600B84A51 /* Info.plist */,
			);
			path = TrackerUITests;
			sourceTree = "<group>";
		};
/* End PBXGroup section */

/* Begin PBXNativeTarget section */
		F824B3961C69FA2600B84A51 /* Tracker */ = {
			isa = PBXNativeTarget;
			buildConfigurationList = F824B3BF1C69FA2600B84A51 /* Build configuration list for PBXNativeTarget "Tracker" */;
			buildPhases = (
				F824B3931C69FA2600B84A51 /* Sources */,
				F824B3941C69FA2600B84A51 /* Frameworks */,
				F824B3951C69FA2600B84A51 /* Resources */,
			);
			buildRules = (
			);
			dependencies = (
			);
			name = Tracker;
			productName = Tracker;
			productReference = F824B3971C69FA2600B84A51 /* Tracker.app */;
			productType = "com.apple.product-type.application";
		};
		F824B3AA1C69FA2600B84A51 /* TrackerTests */ = {
			isa = PBXNativeTarget;
			buildConfigurationList = F824B3C21C69FA2600B84A51 /* Build configuration list for PBXNativeTarget "TrackerTests" */;
			buildPhases = (
				F824B3A71C69FA2600B84A51 /* Sources */,
				F824B3A81C69FA2600B84A51 /* Frameworks */,
				F824B3A91C69FA2600B84A51 /* Resources */,
			);
			buildRules = (
			);
			dependencies = (
				F824B3AD1C69FA2600B84A51 /* PBXTargetDependency */,
			);
			name = TrackerTests;
			productName = TrackerTests;
			productReference = F824B3AB1C69FA2600B84A51 /* TrackerTests.xctest */;
			productType = "com.apple.product-type.bundle.unit-test";
		};
		F824B3B51C69FA2600B84A51 /* TrackerUITests */ = {
			isa = PBXNativeTarget;
			buildConfigurationList = F824B3C51C69FA2600B84A51 /* Build configuration list for PBXNativeTarget "TrackerUITests" */;
			buildPhases = (
				F824B3B21C69FA2600B84A51 /* Sources */,
				F824B3B31C69FA2600B84A51 /* Frameworks */,
				F824B3B41C69FA2600B84A51 /* Resources */,
			);
			buildRules = (
			);
			dependencies = (
				F824B3B81C69FA2600B84A51 /* PBXTargetDependency */,
			);
			name = TrackerUITests;
			productName = TrackerUITests;
			productReference = F824B3B61C69FA2600B84A51 /* TrackerUITests.xctest */;
			productType = "com.apple.product-type.bundle.ui-testing";
		};
/* End PBXNativeTarget section */

/* Begin PBXProject section */
		F824B38F1C69FA2600B84A51 /* Project object */ = {
			isa = PBXProject;
			attributes = {
				LastSwiftUpdateCheck = 0720;
				LastUpgradeCheck = 0720;
				ORGANIZATIONNAME = "Beamon People AB";
				TargetAttributes = {
					F824B3961C69FA2600B84A51 = {
						CreatedOnToolsVersion = 7.2.1;
						DevelopmentTeam = Z355R267LP;
					};
					F824B3AA1C69FA2600B84A51 = {
						CreatedOnToolsVersion = 7.2.1;
						DevelopmentTeam = Z355R267LP;
						TestTargetID = F824B3961C69FA2600B84A51;
					};
					F824B3B51C69FA2600B84A51 = {
						CreatedOnToolsVersion = 7.2.1;
						DevelopmentTeam = Z355R267LP;
						TestTargetID = F824B3961C69FA2600B84A51;
					};
				};
			};
			buildConfigurationList = F824B3921C69FA2600B84A51 /* Build configuration list for PBXProject "Tracker" */;
			compatibilityVersion = "Xcode 3.2";
			developmentRegion = English;
			hasScannedForEncodings = 0;
			knownRegions = (
				en,
				Base,
			);
			mainGroup = F824B38E1C69FA2600B84A51;
			productRefGroup = F824B3981C69FA2600B84A51 /* Products */;
			projectDirPath = "";
			projectRoot = "";
			targets = (
				F824B3961C69FA2600B84A51 /* Tracker */,
				F824B3AA1C69FA2600B84A51 /* TrackerTests */,
				F824B3B51C69FA2600B84A51 /* TrackerUITests */,
			);
		};
/* End PBXProject section */

/* Begin PBXResourcesBuildPhase section */
		F824B3951C69FA2600B84A51 /* Resources */ = {
			isa = PBXResourcesBuildPhase;
			buildActionMask = 2147483647;
			files = (
				F824B3A51C69FA2600B84A51 /* LaunchScreen.storyboard in Resources */,
				F824B3A21C69FA2600B84A51 /* Assets.xcassets in Resources */,
				F824B3A01C69FA2600B84A51 /* Main.storyboard in Resources */,
			);
			runOnlyForDeploymentPostprocessing = 0;
		};
		F824B3A91C69FA2600B84A51 /* Resources */ = {
			isa = PBXResourcesBuildPhase;
			buildActionMask = 2147483647;
			files = (
			);
			runOnlyForDeploymentPostprocessing = 0;
		};
		F824B3B41C69FA2600B84A51 /* Resources */ = {
			isa = PBXResourcesBuildPhase;
			buildActionMask = 2147483647;
			files = (
			);
			runOnlyForDeploymentPostprocessing = 0;
		};
/* End PBXResourcesBuildPhase section */

/* Begin PBXSourcesBuildPhase section */
		F824B3931C69FA2600B84A51 /* Sources */ = {
			isa = PBXSourcesBuildPhase;
			buildActionMask = 2147483647;
			files = (
				F824B39D1C69FA2600B84A51 /* ViewController.swift in Sources */,
				F824B39B1C69FA2600B84A51 /* AppDelegate.swift in Sources */,
			);
			runOnlyForDeploymentPostprocessing = 0;
		};
		F824B3A71C69FA2600B84A51 /* Sources */ = {
			isa = PBXSourcesBuildPhase;
			buildActionMask = 2147483647;
			files = (
				F824B3B01C69FA2600B84A51 /* TrackerTests.swift in Sources */,
			);
			runOnlyForDeploymentPostprocessing = 0;
		};
		F824B3B21C69FA2600B84A51 /* Sources */ = {
			isa = PBXSourcesBuildPhase;
			buildActionMask = 2147483647;
			files = (
				F824B3BB1C69FA2600B84A51 /* TrackerUITests.swift in Sources */,
			);
			runOnlyForDeploymentPostprocessing = 0;
		};
/* End PBXSourcesBuildPhase section */

/* Begin PBXTargetDependency section */
		F824B3AD1C69FA2600B84A51 /* PBXTargetDependency */ = {
			isa = PBXTargetDependency;
			target = F824B3961C69FA2600B84A51 /* Tracker */;
			targetProxy = F824B3AC1C69FA2600B84A51 /* PBXContainerItemProxy */;
		};
		F824B3B81C69FA2600B84A51 /* PBXTargetDependency */ = {
			isa = PBXTargetDependency;
			target = F824B3961C69FA2600B84A51 /* Tracker */;
			targetProxy = F824B3B71C69FA2600B84A51 /* PBXContainerItemProxy */;
		};
/* End PBXTargetDependency section */

/* Begin PBXVariantGroup section */
		F824B39E1C69FA2600B84A51 /* Main.storyboard */ = {
			isa = PBXVariantGroup;
			children = (
				F824B39F1C69FA2600B84A51 /* Base */,
			);
			name = Main.storyboard;
			sourceTree = "<group>";
		};
		F824B3A31C69FA2600B84A51 /* LaunchScreen.storyboard */ = {
			isa = PBXVariantGroup;
			children = (
				F824B3A41C69FA2600B84A51 /* Base */,
			);
			name = LaunchScreen.storyboard;
			sourceTree = "<group>";
		};
/* End PBXVariantGroup section */

/* Begin XCBuildConfiguration section */
		F824B3BD1C69FA2600B84A51 /* Debug */ = {
			isa = XCBuildConfiguration;
			buildSettings = {
				ALWAYS_SEARCH_USER_PATHS = NO;
				CLANG_CXX_LANGUAGE_STANDARD = "gnu++0x";
				CLANG_CXX_LIBRARY = "libc++";
				CLANG_ENABLE_MODULES = YES;
				CLANG_ENABLE_OBJC_ARC = YES;
				CLANG_WARN_BOOL_CONVERSION = YES;
				CLANG_WARN_CONSTANT_CONVERSION = YES;
				CLANG_WARN_DIRECT_OBJC_ISA_USAGE = YES_ERROR;
				CLANG_WARN_EMPTY_BODY = YES;
				CLANG_WARN_ENUM_CONVERSION = YES;
				CLANG_WARN_INT_CONVERSION = YES;
				CLANG_WARN_OBJC_ROOT_CLASS = YES_ERROR;
				CLANG_WARN_UNREACHABLE_CODE = YES;
				CLANG_WARN__DUPLICATE_METHOD_MATCH = YES;
				"CODE_SIGN_IDENTITY[sdk=iphoneos*]" = "iPhone Developer";
				COPY_PHASE_STRIP = NO;
				DEBUG_INFORMATION_FORMAT = dwarf;
				ENABLE_STRICT_OBJC_MSGSEND = YES;
				ENABLE_TESTABILITY = YES;
				GCC_C_LANGUAGE_STANDARD = gnu99;
				GCC_DYNAMIC_NO_PIC = NO;
				GCC_NO_COMMON_BLOCKS = YES;
				GCC_OPTIMIZATION_LEVEL = 0;
				GCC_PREPROCESSOR_DEFINITIONS = (
					"DEBUG=1",
					"$(inherited)",
				);
				GCC_WARN_64_TO_32_BIT_CONVERSION = YES;
				GCC_WARN_ABOUT_RETURN_TYPE = YES_ERROR;
				GCC_WARN_UNDECLARED_SELECTOR = YES;
				GCC_WARN_UNINITIALIZED_AUTOS = YES_AGGRESSIVE;
				GCC_WARN_UNUSED_FUNCTION = YES;
				GCC_WARN_UNUSED_VARIABLE = YES;
				IPHONEOS_DEPLOYMENT_TARGET = 9.2;
				MTL_ENABLE_DEBUG_INFO = YES;
				ONLY_ACTIVE_ARCH = YES;
				SDKROOT = iphoneos;
				SWIFT_OPTIMIZATION_LEVEL = "-Onone";
			};
			name = Debug;
		};
		F824B3BE1C69FA2600B84A51 /* Release */ = {
			isa = XCBuildConfiguration;
			buildSettings = {
				ALWAYS_SEARCH_USER_PATHS = NO;
				CLANG_CXX_LANGUAGE_STANDARD = "gnu++0x";
				CLANG_CXX_LIBRARY = "libc++";
				CLANG_ENABLE_MODULES = YES;
				CLANG_ENABLE_OBJC_ARC = YES;
				CLANG_WARN_BOOL_CONVERSION = YES;
				CLANG_WARN_CONSTANT_CONVERSION = YES;
				CLANG_WARN_DIRECT_OBJC_ISA_USAGE = YES_ERROR;
				CLANG_WARN_EMPTY_BODY = YES;
				CLANG_WARN_ENUM_CONVERSION = YES;
				CLANG_WARN_INT_CONVERSION = YES;
				CLANG_WARN_OBJC_ROOT_CLASS = YES_ERROR;
				CLANG_WARN_UNREACHABLE_CODE = YES;
				CLANG_WARN__DUPLICATE_METHOD_MATCH = YES;
				"CODE_SIGN_IDENTITY[sdk=iphoneos*]" = "iPhone Developer";
				COPY_PHASE_STRIP = NO;
				DEBUG_INFORMATION_FORMAT = "dwarf-with-dsym";
				ENABLE_NS_ASSERTIONS = NO;
				ENABLE_STRICT_OBJC_MSGSEND = YES;
				GCC_C_LANGUAGE_STANDARD = gnu99;
				GCC_NO_COMMON_BLOCKS = YES;
				GCC_WARN_64_TO_32_BIT_CONVERSION = YES;
				GCC_WARN_ABOUT_RETURN_TYPE = YES_ERROR;
				GCC_WARN_UNDECLARED_SELECTOR = YES;
				GCC_WARN_UNINITIALIZED_AUTOS = YES_AGGRESSIVE;
				GCC_WARN_UNUSED_FUNCTION = YES;
				GCC_WARN_UNUSED_VARIABLE = YES;
				IPHONEOS_DEPLOYMENT_TARGET = 9.2;
				MTL_ENABLE_DEBUG_INFO = NO;
				SDKROOT = iphoneos;
				VALIDATE_PRODUCT = YES;
			};
			name = Release;
		};
		F824B3C01C69FA2600B84A51 /* Debug */ = {
			isa = XCBuildConfiguration;
			buildSettings = {
				ASSETCATALOG_COMPILER_APPICON_NAME = AppIcon;
				INFOPLIST_FILE = Tracker/Info.plist;
				LD_RUNPATH_SEARCH_PATHS = "$(inherited) @executable_path/Frameworks";
				PRODUCT_BUNDLE_IDENTIFIER = se.beamonpeople.Tracker;
				PRODUCT_NAME = "$(TARGET_NAME)";
			};
			name = Debug;
		};
		F824B3C11C69FA2600B84A51 /* Release */ = {
			isa = XCBuildConfiguration;
			buildSettings = {
				ASSETCATALOG_COMPILER_APPICON_NAME = AppIcon;
				INFOPLIST_FILE = Tracker/Info.plist;
				LD_RUNPATH_SEARCH_PATHS = "$(inherited) @executable_path/Frameworks";
				PRODUCT_BUNDLE_IDENTIFIER = se.beamonpeople.Tracker;
				PRODUCT_NAME = "$(TARGET_NAME)";
			};
			name = Release;
		};
		F824B3C31C69FA2600B84A51 /* Debug */ = {
			isa = XCBuildConfiguration;
			buildSettings = {
				BUNDLE_LOADER = "$(TEST_HOST)";
				INFOPLIST_FILE = TrackerTests/Info.plist;
				LD_RUNPATH_SEARCH_PATHS = "$(inherited) @executable_path/Frameworks @loader_path/Frameworks";
				PRODUCT_BUNDLE_IDENTIFIER = se.beamonpeople.TrackerTests;
				PRODUCT_NAME = "$(TARGET_NAME)";
				TEST_HOST = "$(BUILT_PRODUCTS_DIR)/Tracker.app/Tracker";
			};
			name = Debug;
		};
		F824B3C41C69FA2600B84A51 /* Release */ = {
			isa = XCBuildConfiguration;
			buildSettings = {
				BUNDLE_LOADER = "$(TEST_HOST)";
				INFOPLIST_FILE = TrackerTests/Info.plist;
				LD_RUNPATH_SEARCH_PATHS = "$(inherited) @executable_path/Frameworks @loader_path/Frameworks";
				PRODUCT_BUNDLE_IDENTIFIER = se.beamonpeople.TrackerTests;
				PRODUCT_NAME = "$(TARGET_NAME)";
				TEST_HOST = "$(BUILT_PRODUCTS_DIR)/Tracker.app/Tracker";
			};
			name = Release;
		};
		F824B3C61C69FA2600B84A51 /* Debug */ = {
			isa = XCBuildConfiguration;
			buildSettings = {
				INFOPLIST_FILE = TrackerUITests/Info.plist;
				LD_RUNPATH_SEARCH_PATHS = "$(inherited) @executable_path/Frameworks @loader_path/Frameworks";
				PRODUCT_BUNDLE_IDENTIFIER = se.beamonpeople.TrackerUITests;
				PRODUCT_NAME = "$(TARGET_NAME)";
				TEST_TARGET_NAME = Tracker;
				USES_XCTRUNNER = YES;
			};
			name = Debug;
		};
		F824B3C71C69FA2600B84A51 /* Release */ = {
			isa = XCBuildConfiguration;
			buildSettings = {
				INFOPLIST_FILE = TrackerUITests/Info.plist;
				LD_RUNPATH_SEARCH_PATHS = "$(inherited) @executable_path/Frameworks @loader_path/Frameworks";
				PRODUCT_BUNDLE_IDENTIFIER = se.beamonpeople.TrackerUITests;
				PRODUCT_NAME = "$(TARGET_NAME)";
				TEST_TARGET_NAME = Tracker;
				USES_XCTRUNNER = YES;
			};
			name = Release;
		};
/* End XCBuildConfiguration section */

/* Begin XCConfigurationList section */
		F824B3921C69FA2600B84A51 /* Build configuration list for PBXProject "Tracker" */ = {
			isa = XCConfigurationList;
			buildConfigurations = (
				F824B3BD1C69FA2600B84A51 /* Debug */,
				F824B3BE1C69FA2600B84A51 /* Release */,
			);
			defaultConfigurationIsVisible = 0;
			defaultConfigurationName = Release;
		};
		F824B3BF1C69FA2600B84A51 /* Build configuration list for PBXNativeTarget "Tracker" */ = {
			isa = XCConfigurationList;
			buildConfigurations = (
				F824B3C01C69FA2600B84A51 /* Debug */,
				F824B3C11C69FA2600B84A51 /* Release */,
			);
			defaultConfigurationIsVisible = 0;
		};
		F824B3C21C69FA2600B84A51 /* Build configuration list for PBXNativeTarget "TrackerTests" */ = {
			isa = XCConfigurationList;
			buildConfigurations = (
				F824B3C31C69FA2600B84A51 /* Debug */,
				F824B3C41C69FA2600B84A51 /* Release */,
			);
			defaultConfigurationIsVisible = 0;
		};
		F824B3C51C69FA2600B84A51 /* Build configuration list for PBXNativeTarget "TrackerUITests" */ = {
			isa = XCConfigurationList;
			buildConfigurations = (
				F824B3C61C69FA2600B84A51 /* Debug */,
				F824B3C71C69FA2600B84A51 /* Release */,
			);
			defaultConfigurationIsVisible = 0;
		};
/* End XCConfigurationList section */
	};
	rootObject = F824B38F1C69FA2600B84A51 /* Project object */;
}
